
Microsoft Visual Studio Solution File, Format Version 12.00
# Visual Studio Version 17
VisualStudioVersion = 17.1.31911.260
MinimumVisualStudioVersion = 10.0.40219.1
Project("{FAE04EC0-301F-11D3-BF4B-00C04F79EFBC}") = "KursWork", "KursWork\KursWork.csproj", "{DA270B71-7015-443B-A0AE-D7D7D31F139A}"
EndProject
Global
	GlobalSection(SolutionConfigurationPlatforms) = preSolution
		Debug|Any CPU = Debug|Any CPU
		Release|Any CPU = Release|Any CPU
	EndGlobalSection
	GlobalSection(ProjectConfigurationPlatforms) = postSolution
		{DA270B71-7015-443B-A0AE-D7D7D31F139A}.Debug|Any CPU.ActiveCfg = Debug|Any CPU
		{DA270B71-7015-443B-A0AE-D7D7D31F139A}.Debug|Any CPU.Build.0 = Debug|Any CPU
		{DA270B71-7015-443B-A0AE-D7D7D31F139A}.Release|Any CPU.ActiveCfg = Release|Any CPU
		{DA270B71-7015-443B-A0AE-D7D7D31F139A}.Release|Any CPU.Build.0 = Release|Any CPU
	EndGlobalSection
	GlobalSection(SolutionProperties) = preSolution
		HideSolutionNode = FALSE
	EndGlobalSection
	GlobalSection(ExtensibilityGlobals) = postSolution
		SolutionGuid = {6B28B793-8ED6-496F-B025-87137498AD51}
	EndGlobalSection
EndGlobal
